
Microsoft Visual Studio Solution File, Format Version 12.00
# Visual Studio Version 16
VisualStudioVersion = 16.0.30413.136
MinimumVisualStudioVersion = 10.0.40219.1
Project("{FAE04EC0-301F-11D3-BF4B-00C04F79EFBC}") = "SantaGame", "SantaGame\SantaGame.csproj", "{98199DF5-C97E-4EF3-9853-51BE60EA724B}"
EndProject
Global
	GlobalSection(SolutionConfigurationPlatforms) = preSolution
		Debug|Any CPU = Debug|Any CPU
		Release|Any CPU = Release|Any CPU
	EndGlobalSection
	GlobalSection(ProjectConfigurationPlatforms) = postSolution
		{98199DF5-C97E-4EF3-9853-51BE60EA724B}.Debug|Any CPU.ActiveCfg = Debug|Any CPU
		{98199DF5-C97E-4EF3-9853-51BE60EA724B}.Debug|Any CPU.Build.0 = Debug|Any CPU
		{98199DF5-C97E-4EF3-9853-51BE60EA724B}.Release|Any CPU.ActiveCfg = Release|Any CPU
		{98199DF5-C97E-4EF3-9853-51BE60EA724B}.Release|Any CPU.Build.0 = Release|Any CPU
	EndGlobalSection
	GlobalSection(SolutionProperties) = preSolution
		HideSolutionNode = FALSE
	EndGlobalSection
	GlobalSection(ExtensibilityGlobals) = postSolution
		SolutionGuid = {C05C8267-F83C-4815-8CF6-597191B6E00E}
	EndGlobalSection
EndGlobal
